
Microsoft Visual Studio Solution File, Format Version 12.00
Project("{FAE04EC0-301F-11D3-BF4B-00C04F79EFBC}") = "CoconutIsland.Structure", "CoconutIsland.Structure\CoconutIsland.Structure.csproj", "{7A8D375B-3F22-4DE2-9F08-BE1516A079AA}"
EndProject
Project("{FAE04EC0-301F-11D3-BF4B-00C04F79EFBC}") = "CoconutIsland.Ingredient.Domain", "CoconutIsland.Ingredient.Domain\CoconutIsland.Ingredient.Domain.csproj", "{BDEC46AE-3A2D-4C36-AFE1-D4BAAE6D14FD}"
EndProject
Project("{FAE04EC0-301F-11D3-BF4B-00C04F79EFBC}") = "CoconutIsland.Ingredient.Infrastructure", "CoconutIsland.Ingredient.Infrastructure\CoconutIsland.Ingredient.Infrastructure.csproj", "{8A4F84E7-6CD3-44C9-AC5B-D6BAA224C348}"
EndProject
Project("{FAE04EC0-301F-11D3-BF4B-00C04F79EFBC}") = "CoconutIsland.Ingredient.Application", "CoconutIsland.Ingredient.Application\CoconutIsland.Ingredient.Application.csproj", "{8EAAFB26-61EE-48D0-9DBF-6703837288B0}"
EndProject
Global
	GlobalSection(SolutionConfigurationPlatforms) = preSolution
		Debug|Any CPU = Debug|Any CPU
		Release|Any CPU = Release|Any CPU
	EndGlobalSection
	GlobalSection(ProjectConfigurationPlatforms) = postSolution
		{7A8D375B-3F22-4DE2-9F08-BE1516A079AA}.Debug|Any CPU.ActiveCfg = Debug|Any CPU
		{7A8D375B-3F22-4DE2-9F08-BE1516A079AA}.Debug|Any CPU.Build.0 = Debug|Any CPU
		{7A8D375B-3F22-4DE2-9F08-BE1516A079AA}.Release|Any CPU.ActiveCfg = Release|Any CPU
		{7A8D375B-3F22-4DE2-9F08-BE1516A079AA}.Release|Any CPU.Build.0 = Release|Any CPU
		{BDEC46AE-3A2D-4C36-AFE1-D4BAAE6D14FD}.Debug|Any CPU.ActiveCfg = Debug|Any CPU
		{BDEC46AE-3A2D-4C36-AFE1-D4BAAE6D14FD}.Debug|Any CPU.Build.0 = Debug|Any CPU
		{BDEC46AE-3A2D-4C36-AFE1-D4BAAE6D14FD}.Release|Any CPU.ActiveCfg = Release|Any CPU
		{BDEC46AE-3A2D-4C36-AFE1-D4BAAE6D14FD}.Release|Any CPU.Build.0 = Release|Any CPU
		{8A4F84E7-6CD3-44C9-AC5B-D6BAA224C348}.Debug|Any CPU.ActiveCfg = Debug|Any CPU
		{8A4F84E7-6CD3-44C9-AC5B-D6BAA224C348}.Debug|Any CPU.Build.0 = Debug|Any CPU
		{8A4F84E7-6CD3-44C9-AC5B-D6BAA224C348}.Release|Any CPU.ActiveCfg = Release|Any CPU
		{8A4F84E7-6CD3-44C9-AC5B-D6BAA224C348}.Release|Any CPU.Build.0 = Release|Any CPU
		{8EAAFB26-61EE-48D0-9DBF-6703837288B0}.Debug|Any CPU.ActiveCfg = Debug|Any CPU
		{8EAAFB26-61EE-48D0-9DBF-6703837288B0}.Debug|Any CPU.Build.0 = Debug|Any CPU
		{8EAAFB26-61EE-48D0-9DBF-6703837288B0}.Release|Any CPU.ActiveCfg = Release|Any CPU
		{8EAAFB26-61EE-48D0-9DBF-6703837288B0}.Release|Any CPU.Build.0 = Release|Any CPU
	EndGlobalSection
EndGlobal
